
Microsoft Visual Studio Solution File, Format Version 12.00
# Visual Studio Version 17
VisualStudioVersion = 17.3.32825.248
MinimumVisualStudioVersion = 10.0.40219.1
Project("{9A19103F-16F7-4668-BE54-9A1E7A4F7556}") = "Better Pattern Matching", "1 - Dynamic as a Better Pattern Matching\Better Pattern Matching.csproj", "{2779EF11-08B0-480B-84EF-739D78C85393}"
EndProject
Global
	GlobalSection(SolutionConfigurationPlatforms) = preSolution
		Debug|Any CPU = Debug|Any CPU
		Release|Any CPU = Release|Any CPU
	EndGlobalSection
	GlobalSection(ProjectConfigurationPlatforms) = postSolution
		{2779EF11-08B0-480B-84EF-739D78C85393}.Debug|Any CPU.ActiveCfg = Debug|Any CPU
		{2779EF11-08B0-480B-84EF-739D78C85393}.Debug|Any CPU.Build.0 = Debug|Any CPU
		{2779EF11-08B0-480B-84EF-739D78C85393}.Release|Any CPU.ActiveCfg = Release|Any CPU
		{2779EF11-08B0-480B-84EF-739D78C85393}.Release|Any CPU.Build.0 = Release|Any CPU
	EndGlobalSection
	GlobalSection(SolutionProperties) = preSolution
		HideSolutionNode = FALSE
	EndGlobalSection
	GlobalSection(ExtensibilityGlobals) = postSolution
		SolutionGuid = {D6350870-6749-43EC-8341-A80BAAEC5DE3}
	EndGlobalSection
EndGlobal
